
Microsoft Visual Studio Solution File, Format Version 12.00
# Visual Studio Version 16
VisualStudioVersion = 16.0.31321.278
MinimumVisualStudioVersion = 10.0.40219.1
Project("{FAE04EC0-301F-11D3-BF4B-00C04F79EFBC}") = "WebTest0624", "WebTest0624\WebTest0624.csproj", "{036D3FD7-A387-4481-9978-BD0196C585DF}"
EndProject
Global
	GlobalSection(SolutionConfigurationPlatforms) = preSolution
		Debug|Any CPU = Debug|Any CPU
		Release|Any CPU = Release|Any CPU
	EndGlobalSection
	GlobalSection(ProjectConfigurationPlatforms) = postSolution
		{036D3FD7-A387-4481-9978-BD0196C585DF}.Debug|Any CPU.ActiveCfg = Debug|Any CPU
		{036D3FD7-A387-4481-9978-BD0196C585DF}.Debug|Any CPU.Build.0 = Debug|Any CPU
		{036D3FD7-A387-4481-9978-BD0196C585DF}.Release|Any CPU.ActiveCfg = Release|Any CPU
		{036D3FD7-A387-4481-9978-BD0196C585DF}.Release|Any CPU.Build.0 = Release|Any CPU
	EndGlobalSection
	GlobalSection(SolutionProperties) = preSolution
		HideSolutionNode = FALSE
	EndGlobalSection
	GlobalSection(ExtensibilityGlobals) = postSolution
		SolutionGuid = {B93EC7B6-4A6C-4FF7-B04B-204B8BAB3D42}
	EndGlobalSection
EndGlobal
